// !$*UTF8*$!
{
	archiveVersion = 1;
	classes = {
	};
	objectVersion = 77;
	objects = {

/* Begin PBXBuildFile section */
		F9C877062D35C08100C7AEB6 /* PuzzleViewController.swift in Sources */ = {isa = PBXBuildFile; fileRef = F9C877052D35C08100C7AEB6 /* PuzzleViewController.swift */; };
		F9C877112D35CBB500C7AEB6 /* PuzzleKit in Frameworks */ = {isa = PBXBuildFile; productRef = F9C877102D35CBB500C7AEB6 /* PuzzleKit */; };
/* End PBXBuildFile section */

/* Begin PBXContainerItemProxy section */
		F9C876E82D35B6B600C7AEB6 /* PBXContainerItemProxy */ = {
			isa = PBXContainerItemProxy;
			containerPortal = F9C876C62D35B6B500C7AEB6 /* Project object */;
			proxyType = 1;
			remoteGlobalIDString = F9C876CD2D35B6B500C7AEB6;
			remoteInfo = "PuzzleKit-Example";
		};
		F9C876F22D35B6B600C7AEB6 /* PBXContainerItemProxy */ = {
			isa = PBXContainerItemProxy;
			containerPortal = F9C876C62D35B6B500C7AEB6 /* Project object */;
			proxyType = 1;
			remoteGlobalIDString = F9C876CD2D35B6B500C7AEB6;
			remoteInfo = "PuzzleKit-Example";
		};
/* End PBXContainerItemProxy section */

/* Begin PBXFileReference section */
		F9C876CE2D35B6B500C7AEB6 /* PuzzleKit-Example.app */ = {isa = PBXFileReference; explicitFileType = wrapper.application; includeInIndex = 0; path = "PuzzleKit-Example.app"; sourceTree = BUILT_PRODUCTS_DIR; };
		F9C876E72D35B6B600C7AEB6 /* PuzzleKit-ExampleTests.xctest */ = {isa = PBXFileReference; explicitFileType = wrapper.cfbundle; includeInIndex = 0; path = "PuzzleKit-ExampleTests.xctest"; sourceTree = BUILT_PRODUCTS_DIR; };
		F9C876F12D35B6B600C7AEB6 /* PuzzleKit-ExampleUITests.xctest */ = {isa = PBXFileReference; explicitFileType = wrapper.cfbundle; includeInIndex = 0; path = "PuzzleKit-ExampleUITests.xctest"; sourceTree = BUILT_PRODUCTS_DIR; };
		F9C877052D35C08100C7AEB6 /* PuzzleViewController.swift */ = {isa = PBXFileReference; lastKnownFileType = sourcecode.swift; path = PuzzleViewController.swift; sourceTree = "<group>"; };
/* End PBXFileReference section */

/* Begin PBXFileSystemSynchronizedBuildFileExceptionSet section */
		F9C876F92D35B6B600C7AEB6 /* Exceptions for "PuzzleKit-Example" folder in "PuzzleKit-Example" target */ = {
			isa = PBXFileSystemSynchronizedBuildFileExceptionSet;
			membershipExceptions = (
				Info.plist,
			);
			target = F9C876CD2D35B6B500C7AEB6 /* PuzzleKit-Example */;
		};
/* End PBXFileSystemSynchronizedBuildFileExceptionSet section */

/* Begin PBXFileSystemSynchronizedRootGroup section */
		F9C876D02D35B6B500C7AEB6 /* PuzzleKit-Example */ = {
			isa = PBXFileSystemSynchronizedRootGroup;
			exceptions = (
				F9C876F92D35B6B600C7AEB6 /* Exceptions for "PuzzleKit-Example" folder in "PuzzleKit-Example" target */,
			);
			path = "PuzzleKit-Example";
			sourceTree = "<group>";
		};
		F9C876EA2D35B6B600C7AEB6 /* PuzzleKit-ExampleTests */ = {
			isa = PBXFileSystemSynchronizedRootGroup;
			path = "PuzzleKit-ExampleTests";
			sourceTree = "<group>";
		};
		F9C876F42D35B6B600C7AEB6 /* PuzzleKit-ExampleUITests */ = {
			isa = PBXFileSystemSynchronizedRootGroup;
			path = "PuzzleKit-ExampleUITests";
			sourceTree = "<group>";
		};
/* End PBXFileSystemSynchronizedRootGroup section */

/* Begin PBXFrameworksBuildPhase section */
		F9C876CB2D35B6B500C7AEB6 /* Frameworks */ = {
			isa = PBXFrameworksBuildPhase;
			buildActionMask = 2147483647;
			files = (
				F9C877112D35CBB500C7AEB6 /* PuzzleKit in Frameworks */,
			);
			runOnlyForDeploymentPostprocessing = 0;
		};
		F9C876E42D35B6B600C7AEB6 /* Frameworks */ = {
			isa = PBXFrameworksBuildPhase;
			buildActionMask = 2147483647;
			files = (
			);
			runOnlyForDeploymentPostprocessing = 0;
		};
		F9C876EE2D35B6B600C7AEB6 /* Frameworks */ = {
			isa = PBXFrameworksBuildPhase;
			buildActionMask = 2147483647;
			files = (
			);
			runOnlyForDeploymentPostprocessing = 0;
		};
/* End PBXFrameworksBuildPhase section */

/* Begin PBXGroup section */
		F9C876C52D35B6B500C7AEB6 = {
			isa = PBXGroup;
			children = (
				F9C877052D35C08100C7AEB6 /* PuzzleViewController.swift */,
				F9C876D02D35B6B500C7AEB6 /* PuzzleKit-Example */,
				F9C876EA2D35B6B600C7AEB6 /* PuzzleKit-ExampleTests */,
				F9C876F42D35B6B600C7AEB6 /* PuzzleKit-ExampleUITests */,
				F9C876CF2D35B6B500C7AEB6 /* Products */,
			);
			sourceTree = "<group>";
		};
		F9C876CF2D35B6B500C7AEB6 /* Products */ = {
			isa = PBXGroup;
			children = (
				F9C876CE2D35B6B500C7AEB6 /* PuzzleKit-Example.app */,
				F9C876E72D35B6B600C7AEB6 /* PuzzleKit-ExampleTests.xctest */,
				F9C876F12D35B6B600C7AEB6 /* PuzzleKit-ExampleUITests.xctest */,
			);
			name = Products;
			sourceTree = "<group>";
		};
/* End PBXGroup section */

/* Begin PBXNativeTarget section */
		F9C876CD2D35B6B500C7AEB6 /* PuzzleKit-Example */ = {
			isa = PBXNativeTarget;
			buildConfigurationList = F9C876FA2D35B6B600C7AEB6 /* Build configuration list for PBXNativeTarget "PuzzleKit-Example" */;
			buildPhases = (
				F9C876CA2D35B6B500C7AEB6 /* Sources */,
				F9C876CB2D35B6B500C7AEB6 /* Frameworks */,
				F9C876CC2D35B6B500C7AEB6 /* Resources */,
			);
			buildRules = (
			);
			dependencies = (
			);
			fileSystemSynchronizedGroups = (
				F9C876D02D35B6B500C7AEB6 /* PuzzleKit-Example */,
			);
			name = "PuzzleKit-Example";
			packageProductDependencies = (
				F9C877102D35CBB500C7AEB6 /* PuzzleKit */,
			);
			productName = "PuzzleKit-Example";
			productReference = F9C876CE2D35B6B500C7AEB6 /* PuzzleKit-Example.app */;
			productType = "com.apple.product-type.application";
		};
		F9C876E62D35B6B600C7AEB6 /* PuzzleKit-ExampleTests */ = {
			isa = PBXNativeTarget;
			buildConfigurationList = F9C876FF2D35B6B600C7AEB6 /* Build configuration list for PBXNativeTarget "PuzzleKit-ExampleTests" */;
			buildPhases = (
				F9C876E32D35B6B600C7AEB6 /* Sources */,
				F9C876E42D35B6B600C7AEB6 /* Frameworks */,
				F9C876E52D35B6B600C7AEB6 /* Resources */,
			);
			buildRules = (
			);
			dependencies = (
				F9C876E92D35B6B600C7AEB6 /* PBXTargetDependency */,
			);
			fileSystemSynchronizedGroups = (
				F9C876EA2D35B6B600C7AEB6 /* PuzzleKit-ExampleTests */,
			);
			name = "PuzzleKit-ExampleTests";
			packageProductDependencies = (
			);
			productName = "PuzzleKit-ExampleTests";
			productReference = F9C876E72D35B6B600C7AEB6 /* PuzzleKit-ExampleTests.xctest */;
			productType = "com.apple.product-type.bundle.unit-test";
		};
		F9C876F02D35B6B600C7AEB6 /* PuzzleKit-ExampleUITests */ = {
			isa = PBXNativeTarget;
			buildConfigurationList = F9C877022D35B6B600C7AEB6 /* Build configuration list for PBXNativeTarget "PuzzleKit-ExampleUITests" */;
			buildPhases = (
				F9C876ED2D35B6B600C7AEB6 /* Sources */,
				F9C876EE2D35B6B600C7AEB6 /* Frameworks */,
				F9C876EF2D35B6B600C7AEB6 /* Resources */,
			);
			buildRules = (
			);
			dependencies = (
				F9C876F32D35B6B600C7AEB6 /* PBXTargetDependency */,
			);
			fileSystemSynchronizedGroups = (
				F9C876F42D35B6B600C7AEB6 /* PuzzleKit-ExampleUITests */,
			);
			name = "PuzzleKit-ExampleUITests";
			packageProductDependencies = (
			);
			productName = "PuzzleKit-ExampleUITests";
			productReference = F9C876F12D35B6B600C7AEB6 /* PuzzleKit-ExampleUITests.xctest */;
			productType = "com.apple.product-type.bundle.ui-testing";
		};
/* End PBXNativeTarget section */

/* Begin PBXProject section */
		F9C876C62D35B6B500C7AEB6 /* Project object */ = {
			isa = PBXProject;
			attributes = {
				BuildIndependentTargetsInParallel = 1;
				LastSwiftUpdateCheck = 1620;
				LastUpgradeCheck = 1620;
				TargetAttributes = {
					F9C876CD2D35B6B500C7AEB6 = {
						CreatedOnToolsVersion = 16.2;
					};
					F9C876E62D35B6B600C7AEB6 = {
						CreatedOnToolsVersion = 16.2;
						TestTargetID = F9C876CD2D35B6B500C7AEB6;
					};
					F9C876F02D35B6B600C7AEB6 = {
						CreatedOnToolsVersion = 16.2;
						TestTargetID = F9C876CD2D35B6B500C7AEB6;
					};
				};
			};
			buildConfigurationList = F9C876C92D35B6B500C7AEB6 /* Build configuration list for PBXProject "PuzzleKit-Example" */;
			developmentRegion = en;
			hasScannedForEncodings = 0;
			knownRegions = (
				en,
				Base,
			);
			mainGroup = F9C876C52D35B6B500C7AEB6;
			minimizedProjectReferenceProxies = 1;
			packageReferences = (
				F9C8770F2D35CBB500C7AEB6 /* XCLocalSwiftPackageReference "../PuzzleKit" */,
			);
			preferredProjectObjectVersion = 77;
			productRefGroup = F9C876CF2D35B6B500C7AEB6 /* Products */;
			projectDirPath = "";
			projectRoot = "";
			targets = (
				F9C876CD2D35B6B500C7AEB6 /* PuzzleKit-Example */,
				F9C876E62D35B6B600C7AEB6 /* PuzzleKit-ExampleTests */,
				F9C876F02D35B6B600C7AEB6 /* PuzzleKit-ExampleUITests */,
			);
		};
/* End PBXProject section */

/* Begin PBXResourcesBuildPhase section */
		F9C876CC2D35B6B500C7AEB6 /* Resources */ = {
			isa = PBXResourcesBuildPhase;
			buildActionMask = 2147483647;
			files = (
			);
			runOnlyForDeploymentPostprocessing = 0;
		};
		F9C876E52D35B6B600C7AEB6 /* Resources */ = {
			isa = PBXResourcesBuildPhase;
			buildActionMask = 2147483647;
			files = (
			);
			runOnlyForDeploymentPostprocessing = 0;
		};
		F9C876EF2D35B6B600C7AEB6 /* Resources */ = {
			isa = PBXResourcesBuildPhase;
			buildActionMask = 2147483647;
			files = (
			);
			runOnlyForDeploymentPostprocessing = 0;
		};
/* End PBXResourcesBuildPhase section */

/* Begin PBXSourcesBuildPhase section */
		F9C876CA2D35B6B500C7AEB6 /* Sources */ = {
			isa = PBXSourcesBuildPhase;
			buildActionMask = 2147483647;
			files = (
				F9C877062D35C08100C7AEB6 /* PuzzleViewController.swift in Sources */,
			);
			runOnlyForDeploymentPostprocessing = 0;
		};
		F9C876E32D35B6B600C7AEB6 /* Sources */ = {
			isa = PBXSourcesBuildPhase;
			buildActionMask = 2147483647;
			files = (
			);
			runOnlyForDeploymentPostprocessing = 0;
		};
		F9C876ED2D35B6B600C7AEB6 /* Sources */ = {
			isa = PBXSourcesBuildPhase;
			buildActionMask = 2147483647;
			files = (
			);
			runOnlyForDeploymentPostprocessing = 0;
		};
/* End PBXSourcesBuildPhase section */

/* Begin PBXTargetDependency section */
		F9C876E92D35B6B600C7AEB6 /* PBXTargetDependency */ = {
			isa = PBXTargetDependency;
			target = F9C876CD2D35B6B500C7AEB6 /* PuzzleKit-Example */;
			targetProxy = F9C876E82D35B6B600C7AEB6 /* PBXContainerItemProxy */;
		};
		F9C876F32D35B6B600C7AEB6 /* PBXTargetDependency */ = {
			isa = PBXTargetDependency;
			target = F9C876CD2D35B6B500C7AEB6 /* PuzzleKit-Example */;
			targetProxy = F9C876F22D35B6B600C7AEB6 /* PBXContainerItemProxy */;
		};
/* End PBXTargetDependency section */

/* Begin XCBuildConfiguration section */
		F9C876FB2D35B6B600C7AEB6 /* Debug */ = {
			isa = XCBuildConfiguration;
			buildSettings = {
				ASSETCATALOG_COMPILER_APPICON_NAME = AppIcon;
				ASSETCATALOG_COMPILER_GLOBAL_ACCENT_COLOR_NAME = AccentColor;
				CODE_SIGN_STYLE = Automatic;
				CURRENT_PROJECT_VERSION = 1;
				DEVELOPMENT_TEAM = CJ6YUCY5ZU;
				GENERATE_INFOPLIST_FILE = YES;
				INFOPLIST_FILE = "PuzzleKit-Example/Info.plist";
				INFOPLIST_KEY_UIApplicationSupportsIndirectInputEvents = YES;
				INFOPLIST_KEY_UILaunchStoryboardName = LaunchScreen;
				INFOPLIST_KEY_UIMainStoryboardFile = Main;
				INFOPLIST_KEY_UISupportedInterfaceOrientations_iPad = "UIInterfaceOrientationPortrait UIInterfaceOrientationPortraitUpsideDown UIInterfaceOrientationLandscapeLeft UIInterfaceOrientationLandscapeRight";
				INFOPLIST_KEY_UISupportedInterfaceOrientations_iPhone = "UIInterfaceOrientationPortrait UIInterfaceOrientationLandscapeLeft UIInterfaceOrientationLandscapeRight";
				LD_RUNPATH_SEARCH_PATHS = (
					"$(inherited)",
					"@executable_path/Frameworks",
				);
				MARKETING_VERSION = 1.0;
				PRODUCT_BUNDLE_IDENTIFIER = "com.olict.PuzzleKit-Example";
				PRODUCT_NAME = "$(TARGET_NAME)";
				SWIFT_EMIT_LOC_STRINGS = YES;
				SWIFT_VERSION = 5.0;
				TARGETED_DEVICE_FAMILY = "1,2";
			};
			name = Debug;
		};
		F9C876FC2D35B6B600C7AEB6 /* Release */ = {
			isa = XCBuildConfiguration;
			buildSettings = {
				ASSETCATALOG_COMPILER_APPICON_NAME = AppIcon;
				ASSETCATALOG_COMPILER_GLOBAL_ACCENT_COLOR_NAME = AccentColor;
				CODE_SIGN_STYLE = Automatic;
				CURRENT_PROJECT_VERSION = 1;
				DEVELOPMENT_TEAM = CJ6YUCY5ZU;
				GENERATE_INFOPLIST_FILE = YES;
				INFOPLIST_FILE = "PuzzleKit-Example/Info.plist";
				INFOPLIST_KEY_UIApplicationSupportsIndirectInputEvents = YES;
				INFOPLIST_KEY_UILaunchStoryboardName = LaunchScreen;
				INFOPLIST_KEY_UIMainStoryboardFile = Main;
				INFOPLIST_KEY_UISupportedInterfaceOrientations_iPad = "UIInterfaceOrientationPortrait UIInterfaceOrientationPortraitUpsideDown UIInterfaceOrientationLandscapeLeft UIInterfaceOrientationLandscapeRight";
				INFOPLIST_KEY_UISupportedInterfaceOrientations_iPhone = "UIInterfaceOrientationPortrait UIInterfaceOrientationLandscapeLeft UIInterfaceOrientationLandscapeRight";
				LD_RUNPATH_SEARCH_PATHS = (
					"$(inherited)",
					"@executable_path/Frameworks",
				);
				MARKETING_VERSION = 1.0;
				PRODUCT_BUNDLE_IDENTIFIER = "com.olict.PuzzleKit-Example";
				PRODUCT_NAME = "$(TARGET_NAME)";
				SWIFT_EMIT_LOC_STRINGS = YES;
				SWIFT_VERSION = 5.0;
				TARGETED_DEVICE_FAMILY = "1,2";
			};
			name = Release;
		};
		F9C876FD2D35B6B600C7AEB6 /* Debug */ = {
			isa = XCBuildConfiguration;
			buildSettings = {
				ALWAYS_SEARCH_USER_PATHS = NO;
				ASSETCATALOG_COMPILER_GENERATE_SWIFT_ASSET_SYMBOL_EXTENSIONS = YES;
				CLANG_ANALYZER_NONNULL = YES;
				CLANG_ANALYZER_NUMBER_OBJECT_CONVERSION = YES_AGGRESSIVE;
				CLANG_CXX_LANGUAGE_STANDARD = "gnu++20";
				CLANG_ENABLE_MODULES = YES;
				CLANG_ENABLE_OBJC_ARC = YES;
				CLANG_ENABLE_OBJC_WEAK = YES;
				CLANG_WARN_BLOCK_CAPTURE_AUTORELEASING = YES;
				CLANG_WARN_BOOL_CONVERSION = YES;
				CLANG_WARN_COMMA = YES;
				CLANG_WARN_CONSTANT_CONVERSION = YES;
				CLANG_WARN_DEPRECATED_OBJC_IMPLEMENTATIONS = YES;
				CLANG_WARN_DIRECT_OBJC_ISA_USAGE = YES_ERROR;
				CLANG_WARN_DOCUMENTATION_COMMENTS = YES;
				CLANG_WARN_EMPTY_BODY = YES;
				CLANG_WARN_ENUM_CONVERSION = YES;
				CLANG_WARN_INFINITE_RECURSION = YES;
				CLANG_WARN_INT_CONVERSION = YES;
				CLANG_WARN_NON_LITERAL_NULL_CONVERSION = YES;
				CLANG_WARN_OBJC_IMPLICIT_RETAIN_SELF = YES;
				CLANG_WARN_OBJC_LITERAL_CONVERSION = YES;
				CLANG_WARN_OBJC_ROOT_CLASS = YES_ERROR;
				CLANG_WARN_QUOTED_INCLUDE_IN_FRAMEWORK_HEADER = YES;
				CLANG_WARN_RANGE_LOOP_ANALYSIS = YES;
				CLANG_WARN_STRICT_PROTOTYPES = YES;
				CLANG_WARN_SUSPICIOUS_MOVE = YES;
				CLANG_WARN_UNGUARDED_AVAILABILITY = YES_AGGRESSIVE;
				CLANG_WARN_UNREACHABLE_CODE = YES;
				CLANG_WARN__DUPLICATE_METHOD_MATCH = YES;
				COPY_PHASE_STRIP = NO;
				DEBUG_INFORMATION_FORMAT = dwarf;
				ENABLE_STRICT_OBJC_MSGSEND = YES;
				ENABLE_TESTABILITY = YES;
				ENABLE_USER_SCRIPT_SANDBOXING = YES;
				GCC_C_LANGUAGE_STANDARD = gnu17;
				GCC_DYNAMIC_NO_PIC = NO;
				GCC_NO_COMMON_BLOCKS = YES;
				GCC_OPTIMIZATION_LEVEL = 0;
				GCC_PREPROCESSOR_DEFINITIONS = (
					"DEBUG=1",
					"$(inherited)",
				);
				GCC_WARN_64_TO_32_BIT_CONVERSION = YES;
				GCC_WARN_ABOUT_RETURN_TYPE = YES_ERROR;
				GCC_WARN_UNDECLARED_SELECTOR = YES;
				GCC_WARN_UNINITIALIZED_AUTOS = YES_AGGRESSIVE;
				GCC_WARN_UNUSED_FUNCTION = YES;
				GCC_WARN_UNUSED_VARIABLE = YES;
				IPHONEOS_DEPLOYMENT_TARGET = 18.2;
				LOCALIZATION_PREFERS_STRING_CATALOGS = YES;
				MTL_ENABLE_DEBUG_INFO = INCLUDE_SOURCE;
				MTL_FAST_MATH = YES;
				ONLY_ACTIVE_ARCH = YES;
				SDKROOT = iphoneos;
				SWIFT_ACTIVE_COMPILATION_CONDITIONS = "DEBUG $(inherited)";
				SWIFT_OPTIMIZATION_LEVEL = "-Onone";
			};
			name = Debug;
		};
		F9C876FE2D35B6B600C7AEB6 /* Release */ = {
			isa = XCBuildConfiguration;
			buildSettings = {
				ALWAYS_SEARCH_USER_PATHS = NO;
				ASSETCATALOG_COMPILER_GENERATE_SWIFT_ASSET_SYMBOL_EXTENSIONS = YES;
				CLANG_ANALYZER_NONNULL = YES;
				CLANG_ANALYZER_NUMBER_OBJECT_CONVERSION = YES_AGGRESSIVE;
				CLANG_CXX_LANGUAGE_STANDARD = "gnu++20";
				CLANG_ENABLE_MODULES = YES;
				CLANG_ENABLE_OBJC_ARC = YES;
				CLANG_ENABLE_OBJC_WEAK = YES;
				CLANG_WARN_BLOCK_CAPTURE_AUTORELEASING = YES;
				CLANG_WARN_BOOL_CONVERSION = YES;
				CLANG_WARN_COMMA = YES;
				CLANG_WARN_CONSTANT_CONVERSION = YES;
				CLANG_WARN_DEPRECATED_OBJC_IMPLEMENTATIONS = YES;
				CLANG_WARN_DIRECT_OBJC_ISA_USAGE = YES_ERROR;
				CLANG_WARN_DOCUMENTATION_COMMENTS = YES;
				CLANG_WARN_EMPTY_BODY = YES;
				CLANG_WARN_ENUM_CONVERSION = YES;
				CLANG_WARN_INFINITE_RECURSION = YES;
				CLANG_WARN_INT_CONVERSION = YES;
				CLANG_WARN_NON_LITERAL_NULL_CONVERSION = YES;
				CLANG_WARN_OBJC_IMPLICIT_RETAIN_SELF = YES;
				CLANG_WARN_OBJC_LITERAL_CONVERSION = YES;
				CLANG_WARN_OBJC_ROOT_CLASS = YES_ERROR;
				CLANG_WARN_QUOTED_INCLUDE_IN_FRAMEWORK_HEADER = YES;
				CLANG_WARN_RANGE_LOOP_ANALYSIS = YES;
				CLANG_WARN_STRICT_PROTOTYPES = YES;
				CLANG_WARN_SUSPICIOUS_MOVE = YES;
				CLANG_WARN_UNGUARDED_AVAILABILITY = YES_AGGRESSIVE;
				CLANG_WARN_UNREACHABLE_CODE = YES;
				CLANG_WARN__DUPLICATE_METHOD_MATCH = YES;
				COPY_PHASE_STRIP = NO;
				DEBUG_INFORMATION_FORMAT = "dwarf-with-dsym";
				ENABLE_NS_ASSERTIONS = NO;
				ENABLE_STRICT_OBJC_MSGSEND = YES;
				ENABLE_USER_SCRIPT_SANDBOXING = YES;
				GCC_C_LANGUAGE_STANDARD = gnu17;
				GCC_NO_COMMON_BLOCKS = YES;
				GCC_WARN_64_TO_32_BIT_CONVERSION = YES;
				GCC_WARN_ABOUT_RETURN_TYPE = YES_ERROR;
				GCC_WARN_UNDECLARED_SELECTOR = YES;
				GCC_WARN_UNINITIALIZED_AUTOS = YES_AGGRESSIVE;
				GCC_WARN_UNUSED_FUNCTION = YES;
				GCC_WARN_UNUSED_VARIABLE = YES;
				IPHONEOS_DEPLOYMENT_TARGET = 18.2;
				LOCALIZATION_PREFERS_STRING_CATALOGS = YES;
				MTL_ENABLE_DEBUG_INFO = NO;
				MTL_FAST_MATH = YES;
				SDKROOT = iphoneos;
				SWIFT_COMPILATION_MODE = wholemodule;
				VALIDATE_PRODUCT = YES;
			};
			name = Release;
		};
		F9C877002D35B6B600C7AEB6 /* Debug */ = {
			isa = XCBuildConfiguration;
			buildSettings = {
				BUNDLE_LOADER = "$(TEST_HOST)";
				CODE_SIGN_STYLE = Automatic;
				CURRENT_PROJECT_VERSION = 1;
				DEVELOPMENT_TEAM = CJ6YUCY5ZU;
				GENERATE_INFOPLIST_FILE = YES;
				IPHONEOS_DEPLOYMENT_TARGET = 18.2;
				MARKETING_VERSION = 1.0;
				PRODUCT_BUNDLE_IDENTIFIER = "com.olict.PuzzleKit-ExampleTests";
				PRODUCT_NAME = "$(TARGET_NAME)";
				SWIFT_EMIT_LOC_STRINGS = NO;
				SWIFT_VERSION = 5.0;
				TARGETED_DEVICE_FAMILY = "1,2";
				TEST_HOST = "$(BUILT_PRODUCTS_DIR)/PuzzleKit-Example.app/$(BUNDLE_EXECUTABLE_FOLDER_PATH)/PuzzleKit-Example";
			};
			name = Debug;
		};
		F9C877012D35B6B600C7AEB6 /* Release */ = {
			isa = XCBuildConfiguration;
			buildSettings = {
				BUNDLE_LOADER = "$(TEST_HOST)";
				CODE_SIGN_STYLE = Automatic;
				CURRENT_PROJECT_VERSION = 1;
				DEVELOPMENT_TEAM = CJ6YUCY5ZU;
				GENERATE_INFOPLIST_FILE = YES;
				IPHONEOS_DEPLOYMENT_TARGET = 18.2;
				MARKETING_VERSION = 1.0;
				PRODUCT_BUNDLE_IDENTIFIER = "com.olict.PuzzleKit-ExampleTests";
				PRODUCT_NAME = "$(TARGET_NAME)";
				SWIFT_EMIT_LOC_STRINGS = NO;
				SWIFT_VERSION = 5.0;
				TARGETED_DEVICE_FAMILY = "1,2";
				TEST_HOST = "$(BUILT_PRODUCTS_DIR)/PuzzleKit-Example.app/$(BUNDLE_EXECUTABLE_FOLDER_PATH)/PuzzleKit-Example";
			};
			name = Release;
		};
		F9C877032D35B6B600C7AEB6 /* Debug */ = {
			isa = XCBuildConfiguration;
			buildSettings = {
				CODE_SIGN_STYLE = Automatic;
				CURRENT_PROJECT_VERSION = 1;
				DEVELOPMENT_TEAM = CJ6YUCY5ZU;
				GENERATE_INFOPLIST_FILE = YES;
				MARKETING_VERSION = 1.0;
				PRODUCT_BUNDLE_IDENTIFIER = "com.olict.PuzzleKit-ExampleUITests";
				PRODUCT_NAME = "$(TARGET_NAME)";
				SWIFT_EMIT_LOC_STRINGS = NO;
				SWIFT_VERSION = 5.0;
				TARGETED_DEVICE_FAMILY = "1,2";
				TEST_TARGET_NAME = "PuzzleKit-Example";
			};
			name = Debug;
		};
		F9C877042D35B6B600C7AEB6 /* Release */ = {
			isa = XCBuildConfiguration;
			buildSettings = {
				CODE_SIGN_STYLE = Automatic;
				CURRENT_PROJECT_VERSION = 1;
				DEVELOPMENT_TEAM = CJ6YUCY5ZU;
				GENERATE_INFOPLIST_FILE = YES;
				MARKETING_VERSION = 1.0;
				PRODUCT_BUNDLE_IDENTIFIER = "com.olict.PuzzleKit-ExampleUITests";
				PRODUCT_NAME = "$(TARGET_NAME)";
				SWIFT_EMIT_LOC_STRINGS = NO;
				SWIFT_VERSION = 5.0;
				TARGETED_DEVICE_FAMILY = "1,2";
				TEST_TARGET_NAME = "PuzzleKit-Example";
			};
			name = Release;
		};
/* End XCBuildConfiguration section */

/* Begin XCConfigurationList section */
		F9C876C92D35B6B500C7AEB6 /* Build configuration list for PBXProject "PuzzleKit-Example" */ = {
			isa = XCConfigurationList;
			buildConfigurations = (
				F9C876FD2D35B6B600C7AEB6 /* Debug */,
				F9C876FE2D35B6B600C7AEB6 /* Release */,
			);
			defaultConfigurationIsVisible = 0;
			defaultConfigurationName = Release;
		};
		F9C876FA2D35B6B600C7AEB6 /* Build configuration list for PBXNativeTarget "PuzzleKit-Example" */ = {
			isa = XCConfigurationList;
			buildConfigurations = (
				F9C876FB2D35B6B600C7AEB6 /* Debug */,
				F9C876FC2D35B6B600C7AEB6 /* Release */,
			);
			defaultConfigurationIsVisible = 0;
			defaultConfigurationName = Release;
		};
		F9C876FF2D35B6B600C7AEB6 /* Build configuration list for PBXNativeTarget "PuzzleKit-ExampleTests" */ = {
			isa = XCConfigurationList;
			buildConfigurations = (
				F9C877002D35B6B600C7AEB6 /* Debug */,
				F9C877012D35B6B600C7AEB6 /* Release */,
			);
			defaultConfigurationIsVisible = 0;
			defaultConfigurationName = Release;
		};
		F9C877022D35B6B600C7AEB6 /* Build configuration list for PBXNativeTarget "PuzzleKit-ExampleUITests" */ = {
			isa = XCConfigurationList;
			buildConfigurations = (
				F9C877032D35B6B600C7AEB6 /* Debug */,
				F9C877042D35B6B600C7AEB6 /* Release */,
			);
			defaultConfigurationIsVisible = 0;
			defaultConfigurationName = Release;
		};
/* End XCConfigurationList section */

/* Begin XCLocalSwiftPackageReference section */
		F9C8770F2D35CBB500C7AEB6 /* XCLocalSwiftPackageReference "../PuzzleKit" */ = {
			isa = XCLocalSwiftPackageReference;
			relativePath = ../PuzzleKit;
		};
/* End XCLocalSwiftPackageReference section */

/* Begin XCSwiftPackageProductDependency section */
		F9C877102D35CBB500C7AEB6 /* PuzzleKit */ = {
			isa = XCSwiftPackageProductDependency;
			productName = PuzzleKit;
		};
/* End XCSwiftPackageProductDependency section */
	};
	rootObject = F9C876C62D35B6B500C7AEB6 /* Project object */;
}
