{
  "originHash" : "9561776ba10cd17b57c032dc3b31786d870c148bffd603213f4680887892b985",
  "pins" : [
    {
      "identity" : "puzzlekit",
      "kind" : "remoteSourceControl",
      "location" : "https://github.com/chefAdo/PuzzleKit",
      "state" : {
        "revision" : "0df0d4fc3bea2bc05507c93bcb0d43a1ed12cde9",
        "version" : "1.1.0"
      }
    }
  ],
  "version" : 3
}
