{
  "originHash" : "9561776ba10cd17b57c032dc3b31786d870c148bffd603213f4680887892b985",
  "pins" : [
    {
      "identity" : "puzzlekit",
      "kind" : "remoteSourceControl",
      "location" : "https://github.com/chefAdo/PuzzleKit",
      "state" : {
        "revision" : "9a921d3c458898a1b043f2d317ce37af5e1418c5",
        "version" : "1.0.0"
      }
    }
  ],
  "version" : 3
}
